// !$*UTF8*$!
{
	archiveVersion = 1;
	classes = {
	};
	objectVersion = 55;
	objects = {

/* Begin PBXBuildFile section */
		39E95DD19FA43BD7726FC5F1 /* Pods_ServiceKit.framework in Frameworks */ = {isa = PBXBuildFile; fileRef = 0A3A5BB69E3C399A20C79587 /* Pods_ServiceKit.framework */; };
		F3AD4E2428D910EB00535D3D /* ServiceKit.h in Headers */ = {isa = PBXBuildFile; fileRef = F3AD4E2328D910EB00535D3D /* ServiceKit.h */; settings = {ATTRIBUTES = (Public, ); }; };
		F3AD4E2B28D9110100535D3D /* ServiceHandler.swift in Sources */ = {isa = PBXBuildFile; fileRef = F3AD4E2A28D9110100535D3D /* ServiceHandler.swift */; };
		F3CEEC56292F4F9100CEC9C5 /* FirstViewController.swift in Sources */ = {isa = PBXBuildFile; fileRef = F3CEEC52292F4F9100CEC9C5 /* FirstViewController.swift */; };
		F3CEEC5E2931339600CEC9C5 /* NibFile.xib in Resources */ = {isa = PBXBuildFile; fileRef = F3CEEC5C2931339600CEC9C5 /* NibFile.xib */; };
		F3CEEC5F2931339600CEC9C5 /* ServiceBoard.storyboard in Resources */ = {isa = PBXBuildFile; fileRef = F3CEEC5D2931339600CEC9C5 /* ServiceBoard.storyboard */; };
/* End PBXBuildFile section */

/* Begin PBXFileReference section */
		092DD331BF41105EF7ECDA01 /* Pods-ServiceKit.release.xcconfig */ = {isa = PBXFileReference; includeInIndex = 1; lastKnownFileType = text.xcconfig; name = "Pods-ServiceKit.release.xcconfig"; path = "Target Support Files/Pods-ServiceKit/Pods-ServiceKit.release.xcconfig"; sourceTree = "<group>"; };
		0A3A5BB69E3C399A20C79587 /* Pods_ServiceKit.framework */ = {isa = PBXFileReference; explicitFileType = wrapper.framework; includeInIndex = 0; path = Pods_ServiceKit.framework; sourceTree = BUILT_PRODUCTS_DIR; };
		30C644BC16F0130E7E717D04 /* Pods-ServiceKit.debug.xcconfig */ = {isa = PBXFileReference; includeInIndex = 1; lastKnownFileType = text.xcconfig; name = "Pods-ServiceKit.debug.xcconfig"; path = "Target Support Files/Pods-ServiceKit/Pods-ServiceKit.debug.xcconfig"; sourceTree = "<group>"; };
		F3AD4E2028D910EB00535D3D /* ServiceKit.framework */ = {isa = PBXFileReference; explicitFileType = wrapper.framework; includeInIndex = 0; path = ServiceKit.framework; sourceTree = BUILT_PRODUCTS_DIR; };
		F3AD4E2328D910EB00535D3D /* ServiceKit.h */ = {isa = PBXFileReference; lastKnownFileType = sourcecode.c.h; path = ServiceKit.h; sourceTree = "<group>"; };
		F3AD4E2A28D9110100535D3D /* ServiceHandler.swift */ = {isa = PBXFileReference; fileEncoding = 4; lastKnownFileType = sourcecode.swift; path = ServiceHandler.swift; sourceTree = "<group>"; };
		F3CEEC52292F4F9100CEC9C5 /* FirstViewController.swift */ = {isa = PBXFileReference; fileEncoding = 4; lastKnownFileType = sourcecode.swift; path = FirstViewController.swift; sourceTree = "<group>"; };
		F3CEEC5C2931339600CEC9C5 /* NibFile.xib */ = {isa = PBXFileReference; fileEncoding = 4; lastKnownFileType = file.xib; path = NibFile.xib; sourceTree = "<group>"; };
		F3CEEC5D2931339600CEC9C5 /* ServiceBoard.storyboard */ = {isa = PBXFileReference; fileEncoding = 4; lastKnownFileType = file.storyboard; path = ServiceBoard.storyboard; sourceTree = "<group>"; };
/* End PBXFileReference section */

/* Begin PBXFrameworksBuildPhase section */
		F3AD4E1D28D910EB00535D3D /* Frameworks */ = {
			isa = PBXFrameworksBuildPhase;
			buildActionMask = 2147483647;
			files = (
				39E95DD19FA43BD7726FC5F1 /* Pods_ServiceKit.framework in Frameworks */,
			);
			runOnlyForDeploymentPostprocessing = 0;
		};
/* End PBXFrameworksBuildPhase section */

/* Begin PBXGroup section */
		440B966CD7C7DC6960E0A5BD /* Frameworks */ = {
			isa = PBXGroup;
			children = (
				0A3A5BB69E3C399A20C79587 /* Pods_ServiceKit.framework */,
			);
			name = Frameworks;
			sourceTree = "<group>";
		};
		6B3079BE73C36BD116615CCE /* Pods */ = {
			isa = PBXGroup;
			children = (
				30C644BC16F0130E7E717D04 /* Pods-ServiceKit.debug.xcconfig */,
				092DD331BF41105EF7ECDA01 /* Pods-ServiceKit.release.xcconfig */,
			);
			path = Pods;
			sourceTree = "<group>";
		};
		F3AD4E1628D910EB00535D3D = {
			isa = PBXGroup;
			children = (
				F3AD4E2228D910EB00535D3D /* ServiceKit */,
				F3AD4E2128D910EB00535D3D /* Products */,
				6B3079BE73C36BD116615CCE /* Pods */,
				440B966CD7C7DC6960E0A5BD /* Frameworks */,
			);
			sourceTree = "<group>";
		};
		F3AD4E2128D910EB00535D3D /* Products */ = {
			isa = PBXGroup;
			children = (
				F3AD4E2028D910EB00535D3D /* ServiceKit.framework */,
			);
			name = Products;
			sourceTree = "<group>";
		};
		F3AD4E2228D910EB00535D3D /* ServiceKit */ = {
			isa = PBXGroup;
			children = (
				F3AD4E2328D910EB00535D3D /* ServiceKit.h */,
				F3AD4E2A28D9110100535D3D /* ServiceHandler.swift */,
				F3CEEC51292F4F9100CEC9C5 /* Helpers */,
			);
			path = ServiceKit;
			sourceTree = "<group>";
		};
		F3CEEC51292F4F9100CEC9C5 /* Helpers */ = {
			isa = PBXGroup;
			children = (
				F3CEEC5C2931339600CEC9C5 /* NibFile.xib */,
				F3CEEC5D2931339600CEC9C5 /* ServiceBoard.storyboard */,
				F3CEEC52292F4F9100CEC9C5 /* FirstViewController.swift */,
			);
			path = Helpers;
			sourceTree = "<group>";
		};
/* End PBXGroup section */

/* Begin PBXHeadersBuildPhase section */
		F3AD4E1B28D910EB00535D3D /* Headers */ = {
			isa = PBXHeadersBuildPhase;
			buildActionMask = 2147483647;
			files = (
				F3AD4E2428D910EB00535D3D /* ServiceKit.h in Headers */,
			);
			runOnlyForDeploymentPostprocessing = 0;
		};
/* End PBXHeadersBuildPhase section */

/* Begin PBXNativeTarget section */
		F3AD4E1F28D910EB00535D3D /* ServiceKit */ = {
			isa = PBXNativeTarget;
			buildConfigurationList = F3AD4E2728D910EB00535D3D /* Build configuration list for PBXNativeTarget "ServiceKit" */;
			buildPhases = (
				DFC4D70DA55342163ECED0E4 /* [CP] Check Pods Manifest.lock */,
				F3AD4E1B28D910EB00535D3D /* Headers */,
				F3AD4E1C28D910EB00535D3D /* Sources */,
				F3AD4E1D28D910EB00535D3D /* Frameworks */,
				F3CEEC5B2931328D00CEC9C5 /* ShellScript */,
				F3AD4E1E28D910EB00535D3D /* Resources */,
			);
			buildRules = (
			);
			dependencies = (
			);
			name = ServiceKit;
			productName = ServiceKit;
			productReference = F3AD4E2028D910EB00535D3D /* ServiceKit.framework */;
			productType = "com.apple.product-type.framework";
		};
/* End PBXNativeTarget section */

/* Begin PBXProject section */
		F3AD4E1728D910EB00535D3D /* Project object */ = {
			isa = PBXProject;
			attributes = {
				BuildIndependentTargetsInParallel = 1;
				LastUpgradeCheck = 1340;
				TargetAttributes = {
					F3AD4E1F28D910EB00535D3D = {
						CreatedOnToolsVersion = 13.4.1;
						LastSwiftMigration = 1340;
					};
				};
			};
			buildConfigurationList = F3AD4E1A28D910EB00535D3D /* Build configuration list for PBXProject "ServiceKit" */;
			compatibilityVersion = "Xcode 13.0";
			developmentRegion = en;
			hasScannedForEncodings = 0;
			knownRegions = (
				en,
				Base,
			);
			mainGroup = F3AD4E1628D910EB00535D3D;
			productRefGroup = F3AD4E2128D910EB00535D3D /* Products */;
			projectDirPath = "";
			projectRoot = "";
			targets = (
				F3AD4E1F28D910EB00535D3D /* ServiceKit */,
			);
		};
/* End PBXProject section */

/* Begin PBXResourcesBuildPhase section */
		F3AD4E1E28D910EB00535D3D /* Resources */ = {
			isa = PBXResourcesBuildPhase;
			buildActionMask = 2147483647;
			files = (
				F3CEEC5E2931339600CEC9C5 /* NibFile.xib in Resources */,
				F3CEEC5F2931339600CEC9C5 /* ServiceBoard.storyboard in Resources */,
			);
			runOnlyForDeploymentPostprocessing = 0;
		};
/* End PBXResourcesBuildPhase section */

/* Begin PBXShellScriptBuildPhase section */
		DFC4D70DA55342163ECED0E4 /* [CP] Check Pods Manifest.lock */ = {
			isa = PBXShellScriptBuildPhase;
			buildActionMask = 2147483647;
			files = (
			);
			inputFileListPaths = (
			);
			inputPaths = (
				"${PODS_PODFILE_DIR_PATH}/Podfile.lock",
				"${PODS_ROOT}/Manifest.lock",
			);
			name = "[CP] Check Pods Manifest.lock";
			outputFileListPaths = (
			);
			outputPaths = (
				"$(DERIVED_FILE_DIR)/Pods-ServiceKit-checkManifestLockResult.txt",
			);
			runOnlyForDeploymentPostprocessing = 0;
			shellPath = /bin/sh;
			shellScript = "diff \"${PODS_PODFILE_DIR_PATH}/Podfile.lock\" \"${PODS_ROOT}/Manifest.lock\" > /dev/null\nif [ $? != 0 ] ; then\n    # print error to STDERR\n    echo \"error: The sandbox is not in sync with the Podfile.lock. Run 'pod install' or update your CocoaPods installation.\" >&2\n    exit 1\nfi\n# This output is used by Xcode 'outputs' to avoid re-running this script phase.\necho \"SUCCESS\" > \"${SCRIPT_OUTPUT_FILE_0}\"\n";
			showEnvVarsInLog = 0;
		};
		F3CEEC5B2931328D00CEC9C5 /* ShellScript */ = {
			isa = PBXShellScriptBuildPhase;
			buildActionMask = 2147483647;
			files = (
			);
			inputFileListPaths = (
			);
			inputPaths = (
			);
			outputFileListPaths = (
			);
			outputPaths = (
			);
			runOnlyForDeploymentPostprocessing = 0;
			shellPath = /bin/sh;
			shellScript = "# Type a script or drag a script file from your workspace to insert its path.\ncp \"$SRCROOT\"/ServiceKit/Helpers/ServiceBoard.storyboard ${BUILT_PRODUCTS_DIR}/${PRODUCT_NAME}.app\n";
		};
/* End PBXShellScriptBuildPhase section */

/* Begin PBXSourcesBuildPhase section */
		F3AD4E1C28D910EB00535D3D /* Sources */ = {
			isa = PBXSourcesBuildPhase;
			buildActionMask = 2147483647;
			files = (
				F3AD4E2B28D9110100535D3D /* ServiceHandler.swift in Sources */,
				F3CEEC56292F4F9100CEC9C5 /* FirstViewController.swift in Sources */,
			);
			runOnlyForDeploymentPostprocessing = 0;
		};
/* End PBXSourcesBuildPhase section */

/* Begin XCBuildConfiguration section */
		F3AD4E2528D910EB00535D3D /* Debug */ = {
			isa = XCBuildConfiguration;
			buildSettings = {
				ALWAYS_SEARCH_USER_PATHS = NO;
				BUILD_LIBRARY_FOR_DISTRIBUTION = YES;
				CLANG_ANALYZER_NONNULL = YES;
				CLANG_ANALYZER_NUMBER_OBJECT_CONVERSION = YES_AGGRESSIVE;
				CLANG_CXX_LANGUAGE_STANDARD = "gnu++17";
				CLANG_ENABLE_MODULES = YES;
				CLANG_ENABLE_OBJC_ARC = YES;
				CLANG_ENABLE_OBJC_WEAK = YES;
				CLANG_WARN_BLOCK_CAPTURE_AUTORELEASING = YES;
				CLANG_WARN_BOOL_CONVERSION = YES;
				CLANG_WARN_COMMA = YES;
				CLANG_WARN_CONSTANT_CONVERSION = YES;
				CLANG_WARN_DEPRECATED_OBJC_IMPLEMENTATIONS = YES;
				CLANG_WARN_DIRECT_OBJC_ISA_USAGE = YES_ERROR;
				CLANG_WARN_DOCUMENTATION_COMMENTS = YES;
				CLANG_WARN_EMPTY_BODY = YES;
				CLANG_WARN_ENUM_CONVERSION = YES;
				CLANG_WARN_INFINITE_RECURSION = YES;
				CLANG_WARN_INT_CONVERSION = YES;
				CLANG_WARN_NON_LITERAL_NULL_CONVERSION = YES;
				CLANG_WARN_OBJC_IMPLICIT_RETAIN_SELF = YES;
				CLANG_WARN_OBJC_LITERAL_CONVERSION = YES;
				CLANG_WARN_OBJC_ROOT_CLASS = YES_ERROR;
				CLANG_WARN_QUOTED_INCLUDE_IN_FRAMEWORK_HEADER = YES;
				CLANG_WARN_RANGE_LOOP_ANALYSIS = YES;
				CLANG_WARN_STRICT_PROTOTYPES = YES;
				CLANG_WARN_SUSPICIOUS_MOVE = YES;
				CLANG_WARN_UNGUARDED_AVAILABILITY = YES_AGGRESSIVE;
				CLANG_WARN_UNREACHABLE_CODE = YES;
				CLANG_WARN__DUPLICATE_METHOD_MATCH = YES;
				COPY_PHASE_STRIP = NO;
				CURRENT_PROJECT_VERSION = 1;
				DEBUG_INFORMATION_FORMAT = dwarf;
				ENABLE_STRICT_OBJC_MSGSEND = YES;
				ENABLE_TESTABILITY = YES;
				EXCLUDED_ARCHS = arm64;
				GCC_C_LANGUAGE_STANDARD = gnu11;
				GCC_DYNAMIC_NO_PIC = NO;
				GCC_NO_COMMON_BLOCKS = YES;
				GCC_OPTIMIZATION_LEVEL = 0;
				GCC_PREPROCESSOR_DEFINITIONS = (
					"DEBUG=1",
					"$(inherited)",
				);
				GCC_WARN_64_TO_32_BIT_CONVERSION = YES;
				GCC_WARN_ABOUT_RETURN_TYPE = YES_ERROR;
				GCC_WARN_UNDECLARED_SELECTOR = YES;
				GCC_WARN_UNINITIALIZED_AUTOS = YES_AGGRESSIVE;
				GCC_WARN_UNUSED_FUNCTION = YES;
				GCC_WARN_UNUSED_VARIABLE = YES;
				IPHONEOS_DEPLOYMENT_TARGET = 13.0;
				MTL_ENABLE_DEBUG_INFO = INCLUDE_SOURCE;
				MTL_FAST_MATH = YES;
				ONLY_ACTIVE_ARCH = YES;
				SDKROOT = iphoneos;
				SWIFT_ACTIVE_COMPILATION_CONDITIONS = DEBUG;
				SWIFT_OPTIMIZATION_LEVEL = "-Onone";
				VERSIONING_SYSTEM = "apple-generic";
				VERSION_INFO_PREFIX = "";
			};
			name = Debug;
		};
		F3AD4E2628D910EB00535D3D /* Release */ = {
			isa = XCBuildConfiguration;
			buildSettings = {
				ALWAYS_SEARCH_USER_PATHS = NO;
				BUILD_LIBRARY_FOR_DISTRIBUTION = YES;
				CLANG_ANALYZER_NONNULL = YES;
				CLANG_ANALYZER_NUMBER_OBJECT_CONVERSION = YES_AGGRESSIVE;
				CLANG_CXX_LANGUAGE_STANDARD = "gnu++17";
				CLANG_ENABLE_MODULES = YES;
				CLANG_ENABLE_OBJC_ARC = YES;
				CLANG_ENABLE_OBJC_WEAK = YES;
				CLANG_WARN_BLOCK_CAPTURE_AUTORELEASING = YES;
				CLANG_WARN_BOOL_CONVERSION = YES;
				CLANG_WARN_COMMA = YES;
				CLANG_WARN_CONSTANT_CONVERSION = YES;
				CLANG_WARN_DEPRECATED_OBJC_IMPLEMENTATIONS = YES;
				CLANG_WARN_DIRECT_OBJC_ISA_USAGE = YES_ERROR;
				CLANG_WARN_DOCUMENTATION_COMMENTS = YES;
				CLANG_WARN_EMPTY_BODY = YES;
				CLANG_WARN_ENUM_CONVERSION = YES;
				CLANG_WARN_INFINITE_RECURSION = YES;
				CLANG_WARN_INT_CONVERSION = YES;
				CLANG_WARN_NON_LITERAL_NULL_CONVERSION = YES;
				CLANG_WARN_OBJC_IMPLICIT_RETAIN_SELF = YES;
				CLANG_WARN_OBJC_LITERAL_CONVERSION = YES;
				CLANG_WARN_OBJC_ROOT_CLASS = YES_ERROR;
				CLANG_WARN_QUOTED_INCLUDE_IN_FRAMEWORK_HEADER = YES;
				CLANG_WARN_RANGE_LOOP_ANALYSIS = YES;
				CLANG_WARN_STRICT_PROTOTYPES = YES;
				CLANG_WARN_SUSPICIOUS_MOVE = YES;
				CLANG_WARN_UNGUARDED_AVAILABILITY = YES_AGGRESSIVE;
				CLANG_WARN_UNREACHABLE_CODE = YES;
				CLANG_WARN__DUPLICATE_METHOD_MATCH = YES;
				COPY_PHASE_STRIP = NO;
				CURRENT_PROJECT_VERSION = 1;
				DEBUG_INFORMATION_FORMAT = "dwarf-with-dsym";
				ENABLE_NS_ASSERTIONS = NO;
				ENABLE_STRICT_OBJC_MSGSEND = YES;
				EXCLUDED_ARCHS = arm64;
				GCC_C_LANGUAGE_STANDARD = gnu11;
				GCC_NO_COMMON_BLOCKS = YES;
				GCC_WARN_64_TO_32_BIT_CONVERSION = YES;
				GCC_WARN_ABOUT_RETURN_TYPE = YES_ERROR;
				GCC_WARN_UNDECLARED_SELECTOR = YES;
				GCC_WARN_UNINITIALIZED_AUTOS = YES_AGGRESSIVE;
				GCC_WARN_UNUSED_FUNCTION = YES;
				GCC_WARN_UNUSED_VARIABLE = YES;
				IPHONEOS_DEPLOYMENT_TARGET = 13.0;
				MTL_ENABLE_DEBUG_INFO = NO;
				MTL_FAST_MATH = YES;
				SDKROOT = iphoneos;
				SWIFT_COMPILATION_MODE = wholemodule;
				SWIFT_OPTIMIZATION_LEVEL = "-O";
				VALIDATE_PRODUCT = YES;
				VERSIONING_SYSTEM = "apple-generic";
				VERSION_INFO_PREFIX = "";
			};
			name = Release;
		};
		F3AD4E2828D910EB00535D3D /* Debug */ = {
			isa = XCBuildConfiguration;
			baseConfigurationReference = 30C644BC16F0130E7E717D04 /* Pods-ServiceKit.debug.xcconfig */;
			buildSettings = {
				CLANG_ENABLE_MODULES = YES;
				CODE_SIGN_STYLE = Automatic;
				CURRENT_PROJECT_VERSION = 1;
				DEFINES_MODULE = YES;
				DYLIB_COMPATIBILITY_VERSION = 1;
				DYLIB_CURRENT_VERSION = 1;
				DYLIB_INSTALL_NAME_BASE = "@rpath";
				EXCLUDED_ARCHS = "";
				GENERATE_INFOPLIST_FILE = YES;
				INFOPLIST_KEY_NSHumanReadableCopyright = "";
				INSTALL_PATH = "$(LOCAL_LIBRARY_DIR)/Frameworks";
				LD_RUNPATH_SEARCH_PATHS = (
					"$(inherited)",
					"@executable_path/Frameworks",
					"@loader_path/Frameworks",
				);
				MARKETING_VERSION = 1.0;
				PRODUCT_BUNDLE_IDENTIFIER = com.rongali.myapp.ServiceKit;
				PRODUCT_NAME = "$(TARGET_NAME:c99extidentifier)";
				SKIP_INSTALL = YES;
				SWIFT_EMIT_LOC_STRINGS = YES;
				SWIFT_OPTIMIZATION_LEVEL = "-Onone";
				SWIFT_VERSION = 5.0;
				TARGETED_DEVICE_FAMILY = "1,2";
			};
			name = Debug;
		};
		F3AD4E2928D910EB00535D3D /* Release */ = {
			isa = XCBuildConfiguration;
			baseConfigurationReference = 092DD331BF41105EF7ECDA01 /* Pods-ServiceKit.release.xcconfig */;
			buildSettings = {
				CLANG_ENABLE_MODULES = YES;
				CODE_SIGN_STYLE = Automatic;
				CURRENT_PROJECT_VERSION = 1;
				DEFINES_MODULE = YES;
				DYLIB_COMPATIBILITY_VERSION = 1;
				DYLIB_CURRENT_VERSION = 1;
				DYLIB_INSTALL_NAME_BASE = "@rpath";
				EXCLUDED_ARCHS = "";
				GENERATE_INFOPLIST_FILE = YES;
				INFOPLIST_KEY_NSHumanReadableCopyright = "";
				INSTALL_PATH = "$(LOCAL_LIBRARY_DIR)/Frameworks";
				LD_RUNPATH_SEARCH_PATHS = (
					"$(inherited)",
					"@executable_path/Frameworks",
					"@loader_path/Frameworks",
				);
				MARKETING_VERSION = 1.0;
				PRODUCT_BUNDLE_IDENTIFIER = com.rongali.myapp.ServiceKit;
				PRODUCT_NAME = "$(TARGET_NAME:c99extidentifier)";
				SKIP_INSTALL = YES;
				SWIFT_EMIT_LOC_STRINGS = YES;
				SWIFT_VERSION = 5.0;
				TARGETED_DEVICE_FAMILY = "1,2";
			};
			name = Release;
		};
/* End XCBuildConfiguration section */

/* Begin XCConfigurationList section */
		F3AD4E1A28D910EB00535D3D /* Build configuration list for PBXProject "ServiceKit" */ = {
			isa = XCConfigurationList;
			buildConfigurations = (
				F3AD4E2528D910EB00535D3D /* Debug */,
				F3AD4E2628D910EB00535D3D /* Release */,
			);
			defaultConfigurationIsVisible = 0;
			defaultConfigurationName = Release;
		};
		F3AD4E2728D910EB00535D3D /* Build configuration list for PBXNativeTarget "ServiceKit" */ = {
			isa = XCConfigurationList;
			buildConfigurations = (
				F3AD4E2828D910EB00535D3D /* Debug */,
				F3AD4E2928D910EB00535D3D /* Release */,
			);
			defaultConfigurationIsVisible = 0;
			defaultConfigurationName = Release;
		};
/* End XCConfigurationList section */
	};
	rootObject = F3AD4E1728D910EB00535D3D /* Project object */;
}
